
Microsoft Visual Studio Solution File, Format Version 12.00
# Visual Studio Version 17
VisualStudioVersion = 17.4.33103.184
MinimumVisualStudioVersion = 10.0.40219.1
Project("{9A19103F-16F7-4668-BE54-9A1E7A4F7556}") = "CodeHalt", "CodeHalt.csproj", "{9121415F-5E2D-4DF2-B4B5-96475FE1D182}"
EndProject
Global
	GlobalSection(SolutionConfigurationPlatforms) = preSolution
		Debug|Any CPU = Debug|Any CPU
		Release|Any CPU = Release|Any CPU
	EndGlobalSection
	GlobalSection(ProjectConfigurationPlatforms) = postSolution
		{9121415F-5E2D-4DF2-B4B5-96475FE1D182}.Debug|Any CPU.ActiveCfg = Debug|Any CPU
		{9121415F-5E2D-4DF2-B4B5-96475FE1D182}.Debug|Any CPU.Build.0 = Debug|Any CPU
		{9121415F-5E2D-4DF2-B4B5-96475FE1D182}.Release|Any CPU.ActiveCfg = Release|Any CPU
		{9121415F-5E2D-4DF2-B4B5-96475FE1D182}.Release|Any CPU.Build.0 = Release|Any CPU
	EndGlobalSection
	GlobalSection(SolutionProperties) = preSolution
		HideSolutionNode = FALSE
	EndGlobalSection
	GlobalSection(ExtensibilityGlobals) = postSolution
		SolutionGuid = {BAADB0D6-39EA-401D-A1FF-F9AF355780FC}
	EndGlobalSection
EndGlobal
